
Microsoft Visual Studio Solution File, Format Version 12.00
# Visual Studio 15
VisualStudioVersion = 15.0.28307.421
MinimumVisualStudioVersion = 10.0.40219.1
Project("{FAE04EC0-301F-11D3-BF4B-00C04F79EFBC}") = "bai2", "bai2\bai2.csproj", "{10D5D39A-CAF9-40EF-809A-0E4B73FF3ACB}"
EndProject
Global
	GlobalSection(SolutionConfigurationPlatforms) = preSolution
		Debug|Any CPU = Debug|Any CPU
		Release|Any CPU = Release|Any CPU
	EndGlobalSection
	GlobalSection(ProjectConfigurationPlatforms) = postSolution
		{10D5D39A-CAF9-40EF-809A-0E4B73FF3ACB}.Debug|Any CPU.ActiveCfg = Debug|Any CPU
		{10D5D39A-CAF9-40EF-809A-0E4B73FF3ACB}.Debug|Any CPU.Build.0 = Debug|Any CPU
		{10D5D39A-CAF9-40EF-809A-0E4B73FF3ACB}.Release|Any CPU.ActiveCfg = Release|Any CPU
		{10D5D39A-CAF9-40EF-809A-0E4B73FF3ACB}.Release|Any CPU.Build.0 = Release|Any CPU
	EndGlobalSection
	GlobalSection(SolutionProperties) = preSolution
		HideSolutionNode = FALSE
	EndGlobalSection
	GlobalSection(ExtensibilityGlobals) = postSolution
		SolutionGuid = {F88C044E-7C1E-40E4-9604-84544AC237A2}
	EndGlobalSection
EndGlobal
